<?xml version="1.0" encoding="utf-8"?>
<Project ToolsVersion="4.0" xmlns="http://schemas.microsoft.com/developer/msbuild/2003">
  <ItemGroup>
    <Filter Include="Resource Files">
      <UniqueIdentifier>{1a913106-0be0-4476-b0ce-2aa855072614}</UniqueIdentifier>
      <Extensions>ico;cur;bmp;dlg;rc2;rct;bin;cnt;rtf;gif;jpg;jpeg;jpe</Extensions>
    </Filter>
    <Filter Include="MFC">
      <UniqueIdentifier>{da904ee8-7f59-4a6c-b3ff-b91b6fb6d0ea}</UniqueIdentifier>
    </Filter>
    <Filter Include="GameLibrary">
      <UniqueIdentifier>{df7aa532-3fdf-46a0-b3fc-8f5922e8d9e4}</UniqueIdentifier>
    </Filter>
    <Filter Include="GameEngine">
      <UniqueIdentifier>{90b9f265-9da6-450a-884b-da9765744233}</UniqueIdentifier>
    </Filter>
    <Filter Include="GameScript">
      <UniqueIdentifier>{390b231f-112b-4a81-8a41-f051626fce1d}</UniqueIdentifier>
    </Filter>
    <Filter Include="GameEngine\EngingScript">
      <UniqueIdentifier>{8ef2a66f-6747-478a-be6c-bc63189ad0ae}</UniqueIdentifier>
    </Filter>
    <Filter Include="GameEngine\EngineLib">
      <UniqueIdentifier>{acdb326e-a467-4779-b6a3-707be65280d2}</UniqueIdentifier>
    </Filter>
    <Filter Include="GameScript\Slide">
      <UniqueIdentifier>{3b052ff8-7540-4931-aa50-cec2153add6a}</UniqueIdentifier>
    </Filter>
    <Filter Include="GameScript\Hop">
      <UniqueIdentifier>{d1484843-e62e-44ad-bee9-3c5cee4bfb6d}</UniqueIdentifier>
    </Filter>
  </ItemGroup>
  <ItemGroup>
    <None Include="Res\ball.bmp">
      <Filter>Resource Files</Filter>
    </None>
    <None Include="RES\bmp0.bmp">
      <Filter>Resource Files</Filter>
    </None>
    <None Include="RES\bmp1.bmp">
      <Filter>Resource Files</Filter>
    </None>
    <None Include="RES\bmp10.bmp">
      <Filter>Resource Files</Filter>
    </None>
    <None Include="RES\bmp2.bmp">
      <Filter>Resource Files</Filter>
    </None>
    <None Include="RES\bmp3.bmp">
      <Filter>Resource Files</Filter>
    </None>
    <None Include="RES\bmp4.bmp">
      <Filter>Resource Files</Filter>
    </None>
    <None Include="RES\bmp5.bmp">
      <Filter>Resource Files</Filter>
    </None>
    <None Include="RES\bmp6.bmp">
      <Filter>Resource Files</Filter>
    </None>
    <None Include="RES\bmp7.bmp">
      <Filter>Resource Files</Filter>
    </None>
    <None Include="RES\bmp8.bmp">
      <Filter>Resource Files</Filter>
    </None>
    <None Include="RES\bmp9.bmp">
      <Filter>Resource Files</Filter>
    </None>
    <None Include="RES\center.bmp">
      <Filter>Resource Files</Filter>
    </None>
    <None Include="RES\continue.bmp">
      <Filter>Resource Files</Filter>
    </None>
    <None Include="Res\corner.bmp">
      <Filter>Resource Files</Filter>
    </None>
    <None Include="RES\eraser1.bmp">
      <Filter>Resource Files</Filter>
    </None>
    <None Include="RES\eraser2.bmp">
      <Filter>Resource Files</Filter>
    </None>
    <None Include="RES\eraser3.bmp">
      <Filter>Resource Files</Filter>
    </None>
    <None Include="res\game.ico">
      <Filter>Resource Files</Filter>
    </None>
    <None Include="res\game.rc2">
      <Filter>Resource Files</Filter>
    </None>
    <None Include="RES\gamecurs.cur">
      <Filter>Resource Files</Filter>
    </None>
    <None Include="res\gameDoc.ico">
      <Filter>Resource Files</Filter>
    </None>
    <None Include="RES\help.bmp">
      <Filter>Resource Files</Filter>
    </None>
    <None Include="RES\loading.bmp">
      <Filter>Resource Files</Filter>
    </None>
    <None Include="RES\ntutcsie.bmp">
      <Filter>Resource Files</Filter>
    </None>
    <None Include="res\Toolbar.bmp">
      <Filter>Resource Files</Filter>
    </None>
  </ItemGroup>
  <ItemGroup>
    <ClCompile Include="Source\game.cpp">
      <Filter>MFC</Filter>
    </ClCompile>
    <ClCompile Include="Source\gameDoc.cpp">
      <Filter>MFC</Filter>
    </ClCompile>
    <ClCompile Include="Source\gamelib.cpp">
      <Filter>GameLibrary</Filter>
    </ClCompile>
    <ClCompile Include="Source\gameView.cpp">
      <Filter>MFC</Filter>
    </ClCompile>
    <ClCompile Include="Source\MainFrm.cpp">
      <Filter>MFC</Filter>
    </ClCompile>
    <ClCompile Include="Source\StdAfx.cpp">
      <Filter>MFC</Filter>
    </ClCompile>
    <ClCompile Include="Source\component.cpp">
      <Filter>GameEngine\EngineLib</Filter>
    </ClCompile>
    <ClCompile Include="Source\easing.cpp">
      <Filter>GameEngine\EngineLib</Filter>
    </ClCompile>
    <ClCompile Include="Source\enginelib.cpp">
      <Filter>GameEngine\EngineLib</Filter>
    </ClCompile>
    <ClCompile Include="Source\gameobject.cpp">
      <Filter>GameEngine\EngineLib</Filter>
    </ClCompile>
    <ClCompile Include="Source\input.cpp">
      <Filter>GameEngine\EngineLib</Filter>
    </ClCompile>
    <ClCompile Include="Source\scene.cpp">
      <Filter>GameEngine\EngineLib</Filter>
    </ClCompile>
    <ClCompile Include="Assest\Script\Engine\mapReader.cpp">
      <Filter>GameEngine\EngingScript</Filter>
    </ClCompile>
    <ClCompile Include="Assest\Script\Engine\textRenderer.cpp">
      <Filter>GameEngine\EngingScript</Filter>
    </ClCompile>
    <ClCompile Include="Assest\Script\Engine\textStamp.cpp">
      <Filter>GameEngine\EngingScript</Filter>
    </ClCompile>
    <ClCompile Include="Assest\Script\Slide\slide.cpp">
      <Filter>GameScript\Slide</Filter>
    </ClCompile>
    <ClCompile Include="Assest\Script\Hop\spawnPlayer.cpp">
      <Filter>GameScript\Hop</Filter>
    </ClCompile>
    <ClCompile Include="Assest\Script\Hop\player.cpp">
      <Filter>GameScript\Hop</Filter>
    </ClCompile>
    <ClCompile Include="Assest\Script\tutorial.cpp" />
    <ClCompile Include="Assest\Script\Slide\BoxParent.cpp">
      <Filter>GameScript\Slide</Filter>
    </ClCompile>
    <ClCompile Include="Assest\Script\Hop\spring.cpp">
      <Filter>GameScript\Hop</Filter>
    </ClCompile>
    <ClCompile Include="Assest\Script\Hop\Button.cpp">
      <Filter>GameScript\Hop</Filter>
    </ClCompile>
    <ClCompile Include="Assest\Script\Hop\GreenBox.cpp">
      <Filter>GameScript\Hop</Filter>
    </ClCompile>
    <ClCompile Include="Source\gamebehavior.cpp">
      <Filter>GameEngine\EngineLib</Filter>
    </ClCompile>
    <ClCompile Include="Assest\Script\Hop\YellowBox.cpp">
      <Filter>GameScript\Hop</Filter>
    </ClCompile>
    <ClCompile Include="Assest\Script\Hop\Camera.cpp">
      <Filter>GameScript\Hop</Filter>
    </ClCompile>
    <ClCompile Include="Assest\Script\Hop\TransportController.cpp">
      <Filter>GameScript\Hop</Filter>
    </ClCompile>
    <ClCompile Include="Assest\Script\Engine\MapEdge.cpp">
      <Filter>GameScript\Hop</Filter>
    </ClCompile>
    <ClCompile Include="Assest\Script\Hop\Gem.cpp">
      <Filter>GameScript\Hop</Filter>
    </ClCompile>
    <ClCompile Include="Assest\Script\Engine\GameStatus.cpp">
      <Filter>GameEngine\EngingScript</Filter>
    </ClCompile>
    <ClCompile Include="Assest\Script\Hop\CollectedGem.cpp">
      <Filter>GameScript\Hop</Filter>
    </ClCompile>
    <ClCompile Include="Assest\Script\Hop\Smoke.cpp">
      <Filter>GameScript\Hop</Filter>
    </ClCompile>
    <ClCompile Include="Assest\Script\Hop\Background.cpp">
      <Filter>GameScript\Hop</Filter>
    </ClCompile>
    <ClCompile Include="Source\audio.cpp">
      <Filter>GameEngine\EngineLib</Filter>
    </ClCompile>
    <ClCompile Include="_componentRegister.cpp">
      <Filter>GameEngine\EngineLib</Filter>
    </ClCompile>
    <ClCompile Include="Assest\Script\Engine\GameSetting.cpp">
      <Filter>GameEngine\EngingScript</Filter>
    </ClCompile>
  </ItemGroup>
  <ItemGroup>
    <ClInclude Include="Source\game.h">
      <Filter>MFC</Filter>
    </ClInclude>
    <ClInclude Include="Source\gameDoc.h">
      <Filter>MFC</Filter>
    </ClInclude>
    <ClInclude Include="Source\gamelib.h">
      <Filter>GameLibrary</Filter>
    </ClInclude>
    <ClInclude Include="Source\gameView.h">
      <Filter>MFC</Filter>
    </ClInclude>
    <ClInclude Include="Source\MainFrm.h">
      <Filter>MFC</Filter>
    </ClInclude>
    <ClInclude Include="Source\Resource.h">
      <Filter>MFC</Filter>
    </ClInclude>
    <ClInclude Include="Source\StdAfx.h">
      <Filter>MFC</Filter>
    </ClInclude>
    <ClInclude Include="Source\_setting.h">
      <Filter>GameEngine\EngineLib</Filter>
    </ClInclude>
    <ClInclude Include="Source\component.h">
      <Filter>GameEngine\EngineLib</Filter>
    </ClInclude>
    <ClInclude Include="Source\easing.h">
      <Filter>GameEngine\EngineLib</Filter>
    </ClInclude>
    <ClInclude Include="Source\Engine.h">
      <Filter>GameEngine\EngineLib</Filter>
    </ClInclude>
    <ClInclude Include="Source\enginelib.h">
      <Filter>GameEngine\EngineLib</Filter>
    </ClInclude>
    <ClInclude Include="Source\gamebehavior.h">
      <Filter>GameEngine\EngineLib</Filter>
    </ClInclude>
    <ClInclude Include="Source\gameobject.h">
      <Filter>GameEngine\EngineLib</Filter>
    </ClInclude>
    <ClInclude Include="Source\input.h">
      <Filter>GameEngine\EngineLib</Filter>
    </ClInclude>
    <ClInclude Include="Source\json.hpp">
      <Filter>GameEngine\EngineLib</Filter>
    </ClInclude>
    <ClInclude Include="Source\json_include.h">
      <Filter>GameEngine\EngineLib</Filter>
    </ClInclude>
    <ClInclude Include="Source\scene.h">
      <Filter>GameEngine\EngineLib</Filter>
    </ClInclude>
    <ClInclude Include="Assest\Script\Engine\mapReader.h">
      <Filter>GameEngine\EngingScript</Filter>
    </ClInclude>
    <ClInclude Include="Assest\Script\Engine\textRenderer.h">
      <Filter>GameEngine\EngingScript</Filter>
    </ClInclude>
    <ClInclude Include="Assest\Script\Engine\textStamp.h">
      <Filter>GameEngine\EngingScript</Filter>
    </ClInclude>
    <ClInclude Include="Assest\Script\Hop\spawnPlayer.h">
      <Filter>GameScript\Hop</Filter>
    </ClInclude>
    <ClInclude Include="Assest\Script\Hop\player.h">
      <Filter>GameScript\Hop</Filter>
    </ClInclude>
    <ClInclude Include="Assest\Script\tutorial.h" />
    <ClInclude Include="Assest\Script\Slide\BoxParent.h">
      <Filter>GameScript\Slide</Filter>
    </ClInclude>
    <ClInclude Include="Assest\Script\Hop\spring.h">
      <Filter>GameScript\Hop</Filter>
    </ClInclude>
    <ClInclude Include="Assest\Script\Hop\Button.h">
      <Filter>GameScript\Hop</Filter>
    </ClInclude>
    <ClInclude Include="Assest\Script\Hop\GreenBox.h">
      <Filter>GameScript\Hop</Filter>
    </ClInclude>
    <ClInclude Include="Assest\Script\Hop\YellowBox.h">
      <Filter>GameScript\Hop</Filter>
    </ClInclude>
    <ClInclude Include="Assest\Script\Hop\Camera.h">
      <Filter>GameScript\Hop</Filter>
    </ClInclude>
    <ClInclude Include="Assest\Script\Hop\TransportController.h">
      <Filter>GameScript\Hop</Filter>
    </ClInclude>
    <ClInclude Include="Assest\Script\Engine\MapEdge.h">
      <Filter>GameScript\Hop</Filter>
    </ClInclude>
    <ClInclude Include="Assest\Script\Hop\Gem.h">
      <Filter>GameScript\Hop</Filter>
    </ClInclude>
    <ClInclude Include="Assest\Script\Engine\GameStatus.h">
      <Filter>GameEngine\EngingScript</Filter>
    </ClInclude>
    <ClInclude Include="Assest\Script\Hop\CollectedGem.h">
      <Filter>GameScript\Hop</Filter>
    </ClInclude>
    <ClInclude Include="Assest\Script\Hop\Smoke.h">
      <Filter>GameScript\Hop</Filter>
    </ClInclude>
    <ClInclude Include="Assest\Script\Hop\Background.h">
      <Filter>GameScript\Hop</Filter>
    </ClInclude>
    <ClInclude Include="Source\audio.h">
      <Filter>GameEngine\EngineLib</Filter>
    </ClInclude>
    <ClInclude Include="Assest\Script\Slide\slide.h">
      <Filter>GameScript\Slide</Filter>
    </ClInclude>
    <ClInclude Include="Assest\Script\Engine\GameSetting.h">
      <Filter>GameEngine\EngingScript</Filter>
    </ClInclude>
  </ItemGroup>
  <ItemGroup>
    <ResourceCompile Include="Source\game.rc">
      <Filter>MFC</Filter>
    </ResourceCompile>
  </ItemGroup>
</Project>